
Microsoft Visual Studio Solution File, Format Version 12.00
# Visual Studio 2013
VisualStudioVersion = 12.0.31101.0
MinimumVisualStudioVersion = 10.0.40219.1
Project("{FAE04EC0-301F-11D3-BF4B-00C04F79EFBC}") = "Library", "Library\Library.csproj", "{AF13A1F0-4E75-4873-A4FE-FEC4C251DB86}"
EndProject
Project("{FAE04EC0-301F-11D3-BF4B-00C04F79EFBC}") = "WebApp", "WebApp\WebApp.csproj", "{EB6EB1E6-430E-4F12-90A0-EDE02710096C}"
EndProject
Global
	GlobalSection(SolutionConfigurationPlatforms) = preSolution
		Debug|Any CPU = Debug|Any CPU
		Release|Any CPU = Release|Any CPU
	EndGlobalSection
	GlobalSection(ProjectConfigurationPlatforms) = postSolution
		{AF13A1F0-4E75-4873-A4FE-FEC4C251DB86}.Debug|Any CPU.ActiveCfg = Debug|Any CPU
		{AF13A1F0-4E75-4873-A4FE-FEC4C251DB86}.Debug|Any CPU.Build.0 = Debug|Any CPU
		{AF13A1F0-4E75-4873-A4FE-FEC4C251DB86}.Release|Any CPU.ActiveCfg = Release|Any CPU
		{AF13A1F0-4E75-4873-A4FE-FEC4C251DB86}.Release|Any CPU.Build.0 = Release|Any CPU
		{EB6EB1E6-430E-4F12-90A0-EDE02710096C}.Debug|Any CPU.ActiveCfg = Debug|Any CPU
		{EB6EB1E6-430E-4F12-90A0-EDE02710096C}.Debug|Any CPU.Build.0 = Debug|Any CPU
		{EB6EB1E6-430E-4F12-90A0-EDE02710096C}.Release|Any CPU.ActiveCfg = Release|Any CPU
		{EB6EB1E6-430E-4F12-90A0-EDE02710096C}.Release|Any CPU.Build.0 = Release|Any CPU
	EndGlobalSection
	GlobalSection(SolutionProperties) = preSolution
		HideSolutionNode = FALSE
	EndGlobalSection
EndGlobal
